
Microsoft Visual Studio Solution File, Format Version 12.00
# Visual Studio Version 17
VisualStudioVersion = 17.6.33815.320
MinimumVisualStudioVersion = 10.0.40219.1
Project("{FAE04EC0-301F-11D3-BF4B-00C04F79EFBC}") = "PruebaDLL", "PruebaDLL\PruebaDLL.csproj", "{EE8DDC47-FD88-4BFF-A5DD-645F969F5374}"
EndProject
Global
	GlobalSection(SolutionConfigurationPlatforms) = preSolution
		Debug|Any CPU = Debug|Any CPU
		Release|Any CPU = Release|Any CPU
	EndGlobalSection
	GlobalSection(ProjectConfigurationPlatforms) = postSolution
		{EE8DDC47-FD88-4BFF-A5DD-645F969F5374}.Debug|Any CPU.ActiveCfg = Debug|Any CPU
		{EE8DDC47-FD88-4BFF-A5DD-645F969F5374}.Debug|Any CPU.Build.0 = Debug|Any CPU
		{EE8DDC47-FD88-4BFF-A5DD-645F969F5374}.Release|Any CPU.ActiveCfg = Release|Any CPU
		{EE8DDC47-FD88-4BFF-A5DD-645F969F5374}.Release|Any CPU.Build.0 = Release|Any CPU
	EndGlobalSection
	GlobalSection(SolutionProperties) = preSolution
		HideSolutionNode = FALSE
	EndGlobalSection
	GlobalSection(ExtensibilityGlobals) = postSolution
		SolutionGuid = {1921A118-DEBC-4D86-BD5E-8B7560E5D37D}
	EndGlobalSection
EndGlobal
